
Microsoft Visual Studio Solution File, Format Version 12.00
# Visual Studio Version 17
VisualStudioVersion = 17.7.34221.43
MinimumVisualStudioVersion = 10.0.40219.1
Project("{888888A0-9F3D-457C-B088-3A5042F75D52}") = "6.2(4)", "6.2(4)\6.2(4).pyproj", "{9B11B09C-9633-4A13-AF53-9F522F2D65C1}"
EndProject
Global
	GlobalSection(SolutionConfigurationPlatforms) = preSolution
		Debug|Any CPU = Debug|Any CPU
		Release|Any CPU = Release|Any CPU
	EndGlobalSection
	GlobalSection(ProjectConfigurationPlatforms) = postSolution
		{9B11B09C-9633-4A13-AF53-9F522F2D65C1}.Debug|Any CPU.ActiveCfg = Debug|Any CPU
		{9B11B09C-9633-4A13-AF53-9F522F2D65C1}.Release|Any CPU.ActiveCfg = Release|Any CPU
	EndGlobalSection
	GlobalSection(SolutionProperties) = preSolution
		HideSolutionNode = FALSE
	EndGlobalSection
	GlobalSection(ExtensibilityGlobals) = postSolution
		SolutionGuid = {EAA4CDAA-B413-4CC3-BB4C-7782EA3C1B4E}
	EndGlobalSection
EndGlobal
