
Microsoft Visual Studio Solution File, Format Version 12.00
# Visual Studio Version 17
VisualStudioVersion = 17.7.34221.43
MinimumVisualStudioVersion = 10.0.40219.1
Project("{888888A0-9F3D-457C-B088-3A5042F75D52}") = "4.2(1)", "4.2(1)\4.2(1).pyproj", "{EBEC5D94-CC37-4944-99C1-4F64002CD4CD}"
EndProject
Global
	GlobalSection(SolutionConfigurationPlatforms) = preSolution
		Debug|Any CPU = Debug|Any CPU
		Release|Any CPU = Release|Any CPU
	EndGlobalSection
	GlobalSection(ProjectConfigurationPlatforms) = postSolution
		{EBEC5D94-CC37-4944-99C1-4F64002CD4CD}.Debug|Any CPU.ActiveCfg = Debug|Any CPU
		{EBEC5D94-CC37-4944-99C1-4F64002CD4CD}.Release|Any CPU.ActiveCfg = Release|Any CPU
	EndGlobalSection
	GlobalSection(SolutionProperties) = preSolution
		HideSolutionNode = FALSE
	EndGlobalSection
	GlobalSection(ExtensibilityGlobals) = postSolution
		SolutionGuid = {6F770CEF-18E4-4A6B-A252-5007C3713EB9}
	EndGlobalSection
EndGlobal
