
Microsoft Visual Studio Solution File, Format Version 12.00
# Visual Studio Version 17
VisualStudioVersion = 17.7.34221.43
MinimumVisualStudioVersion = 10.0.40219.1
Project("{888888A0-9F3D-457C-B088-3A5042F75D52}") = "5.1(3)", "5.1(3)\5.1(3).pyproj", "{FA552063-67F2-463D-986B-23B64E16DFF7}"
EndProject
Global
	GlobalSection(SolutionConfigurationPlatforms) = preSolution
		Debug|Any CPU = Debug|Any CPU
		Release|Any CPU = Release|Any CPU
	EndGlobalSection
	GlobalSection(ProjectConfigurationPlatforms) = postSolution
		{FA552063-67F2-463D-986B-23B64E16DFF7}.Debug|Any CPU.ActiveCfg = Debug|Any CPU
		{FA552063-67F2-463D-986B-23B64E16DFF7}.Release|Any CPU.ActiveCfg = Release|Any CPU
	EndGlobalSection
	GlobalSection(SolutionProperties) = preSolution
		HideSolutionNode = FALSE
	EndGlobalSection
	GlobalSection(ExtensibilityGlobals) = postSolution
		SolutionGuid = {DFC78F85-25A0-46E6-849F-FC36B3665CF2}
	EndGlobalSection
EndGlobal
