
Microsoft Visual Studio Solution File, Format Version 12.00
# Visual Studio Version 17
VisualStudioVersion = 17.7.34221.43
MinimumVisualStudioVersion = 10.0.40219.1
Project("{8BC9CEB8-8B4A-11D0-8D11-00A0C91BC942}") = "1.7(6)", "1.7(6)\1.7(6).vcxproj", "{257E2E6C-63BE-4D67-99FF-DA8C4A25E668}"
EndProject
Global
	GlobalSection(SolutionConfigurationPlatforms) = preSolution
		Debug|x64 = Debug|x64
		Debug|x86 = Debug|x86
		Release|x64 = Release|x64
		Release|x86 = Release|x86
	EndGlobalSection
	GlobalSection(ProjectConfigurationPlatforms) = postSolution
		{257E2E6C-63BE-4D67-99FF-DA8C4A25E668}.Debug|x64.ActiveCfg = Debug|x64
		{257E2E6C-63BE-4D67-99FF-DA8C4A25E668}.Debug|x64.Build.0 = Debug|x64
		{257E2E6C-63BE-4D67-99FF-DA8C4A25E668}.Debug|x86.ActiveCfg = Debug|Win32
		{257E2E6C-63BE-4D67-99FF-DA8C4A25E668}.Debug|x86.Build.0 = Debug|Win32
		{257E2E6C-63BE-4D67-99FF-DA8C4A25E668}.Release|x64.ActiveCfg = Release|x64
		{257E2E6C-63BE-4D67-99FF-DA8C4A25E668}.Release|x64.Build.0 = Release|x64
		{257E2E6C-63BE-4D67-99FF-DA8C4A25E668}.Release|x86.ActiveCfg = Release|Win32
		{257E2E6C-63BE-4D67-99FF-DA8C4A25E668}.Release|x86.Build.0 = Release|Win32
	EndGlobalSection
	GlobalSection(SolutionProperties) = preSolution
		HideSolutionNode = FALSE
	EndGlobalSection
	GlobalSection(ExtensibilityGlobals) = postSolution
		SolutionGuid = {17B711B3-1EAF-4278-B309-3AC5EBC73B8F}
	EndGlobalSection
EndGlobal
