
Microsoft Visual Studio Solution File, Format Version 12.00
# Visual Studio Version 17
VisualStudioVersion = 17.7.34221.43
MinimumVisualStudioVersion = 10.0.40219.1
Project("{888888A0-9F3D-457C-B088-3A5042F75D52}") = "6.2(5)", "6.2(5)\6.2(5).pyproj", "{8285820C-2843-4AF1-9226-FF49F27F9817}"
EndProject
Global
	GlobalSection(SolutionConfigurationPlatforms) = preSolution
		Debug|Any CPU = Debug|Any CPU
		Release|Any CPU = Release|Any CPU
	EndGlobalSection
	GlobalSection(ProjectConfigurationPlatforms) = postSolution
		{8285820C-2843-4AF1-9226-FF49F27F9817}.Debug|Any CPU.ActiveCfg = Debug|Any CPU
		{8285820C-2843-4AF1-9226-FF49F27F9817}.Release|Any CPU.ActiveCfg = Release|Any CPU
	EndGlobalSection
	GlobalSection(SolutionProperties) = preSolution
		HideSolutionNode = FALSE
	EndGlobalSection
	GlobalSection(ExtensibilityGlobals) = postSolution
		SolutionGuid = {30035D88-BDAD-4D3F-8406-A2E543973FFD}
	EndGlobalSection
EndGlobal
