
Microsoft Visual Studio Solution File, Format Version 12.00
# Visual Studio Version 17
VisualStudioVersion = 17.7.34221.43
MinimumVisualStudioVersion = 10.0.40219.1
Project("{888888A0-9F3D-457C-B088-3A5042F75D52}") = "5.1(2)", "5.1(2)\5.1(2).pyproj", "{53E86C41-F256-4BE4-8ABF-B11A3677380C}"
EndProject
Global
	GlobalSection(SolutionConfigurationPlatforms) = preSolution
		Debug|Any CPU = Debug|Any CPU
		Release|Any CPU = Release|Any CPU
	EndGlobalSection
	GlobalSection(ProjectConfigurationPlatforms) = postSolution
		{53E86C41-F256-4BE4-8ABF-B11A3677380C}.Debug|Any CPU.ActiveCfg = Debug|Any CPU
		{53E86C41-F256-4BE4-8ABF-B11A3677380C}.Release|Any CPU.ActiveCfg = Release|Any CPU
	EndGlobalSection
	GlobalSection(SolutionProperties) = preSolution
		HideSolutionNode = FALSE
	EndGlobalSection
	GlobalSection(ExtensibilityGlobals) = postSolution
		SolutionGuid = {1731A5AB-754C-4865-AE88-66F48BB8F92F}
	EndGlobalSection
EndGlobal
