
Microsoft Visual Studio Solution File, Format Version 12.00
# Visual Studio Version 17
VisualStudioVersion = 17.7.34221.43
MinimumVisualStudioVersion = 10.0.40219.1
Project("{888888A0-9F3D-457C-B088-3A5042F75D52}") = "6.1(12)", "6.1(12)\6.1(12).pyproj", "{04F782AC-3ADD-4221-A6D2-CBEF0785531B}"
EndProject
Global
	GlobalSection(SolutionConfigurationPlatforms) = preSolution
		Debug|Any CPU = Debug|Any CPU
		Release|Any CPU = Release|Any CPU
	EndGlobalSection
	GlobalSection(ProjectConfigurationPlatforms) = postSolution
		{04F782AC-3ADD-4221-A6D2-CBEF0785531B}.Debug|Any CPU.ActiveCfg = Debug|Any CPU
		{04F782AC-3ADD-4221-A6D2-CBEF0785531B}.Release|Any CPU.ActiveCfg = Release|Any CPU
	EndGlobalSection
	GlobalSection(SolutionProperties) = preSolution
		HideSolutionNode = FALSE
	EndGlobalSection
	GlobalSection(ExtensibilityGlobals) = postSolution
		SolutionGuid = {E803358B-8ACF-41EA-8236-DD74EE5A43BC}
	EndGlobalSection
EndGlobal
