
Microsoft Visual Studio Solution File, Format Version 12.00
# Visual Studio Version 17
VisualStudioVersion = 17.7.34221.43
MinimumVisualStudioVersion = 10.0.40219.1
Project("{888888A0-9F3D-457C-B088-3A5042F75D52}") = "2.5(5)", "2.5(5)\2.5(5).pyproj", "{35B4B012-4070-4C48-9283-6B361B5E30D9}"
EndProject
Global
	GlobalSection(SolutionConfigurationPlatforms) = preSolution
		Debug|Any CPU = Debug|Any CPU
		Release|Any CPU = Release|Any CPU
	EndGlobalSection
	GlobalSection(ProjectConfigurationPlatforms) = postSolution
		{35B4B012-4070-4C48-9283-6B361B5E30D9}.Debug|Any CPU.ActiveCfg = Debug|Any CPU
		{35B4B012-4070-4C48-9283-6B361B5E30D9}.Release|Any CPU.ActiveCfg = Release|Any CPU
	EndGlobalSection
	GlobalSection(SolutionProperties) = preSolution
		HideSolutionNode = FALSE
	EndGlobalSection
	GlobalSection(ExtensibilityGlobals) = postSolution
		SolutionGuid = {61975081-B5CB-4178-AC5B-C635B2651204}
	EndGlobalSection
EndGlobal
