
Microsoft Visual Studio Solution File, Format Version 12.00
# Visual Studio Version 17
VisualStudioVersion = 17.7.34221.43
MinimumVisualStudioVersion = 10.0.40219.1
Project("{888888A0-9F3D-457C-B088-3A5042F75D52}") = "2.5(7)", "2.5(7)\2.5(7).pyproj", "{362A3039-331F-4FC3-8716-DE9D09D754B9}"
EndProject
Global
	GlobalSection(SolutionConfigurationPlatforms) = preSolution
		Debug|Any CPU = Debug|Any CPU
		Release|Any CPU = Release|Any CPU
	EndGlobalSection
	GlobalSection(ProjectConfigurationPlatforms) = postSolution
		{362A3039-331F-4FC3-8716-DE9D09D754B9}.Debug|Any CPU.ActiveCfg = Debug|Any CPU
		{362A3039-331F-4FC3-8716-DE9D09D754B9}.Release|Any CPU.ActiveCfg = Release|Any CPU
	EndGlobalSection
	GlobalSection(SolutionProperties) = preSolution
		HideSolutionNode = FALSE
	EndGlobalSection
	GlobalSection(ExtensibilityGlobals) = postSolution
		SolutionGuid = {6841268E-DF69-4DAC-8FCD-74871FBC9E8B}
	EndGlobalSection
EndGlobal
