
Microsoft Visual Studio Solution File, Format Version 12.00
# Visual Studio Version 17
VisualStudioVersion = 17.7.34221.43
MinimumVisualStudioVersion = 10.0.40219.1
Project("{888888A0-9F3D-457C-B088-3A5042F75D52}") = "2.5(8)", "2.5(8)\2.5(8).pyproj", "{DCDB699E-C6CB-4666-8311-3F609009F536}"
EndProject
Global
	GlobalSection(SolutionConfigurationPlatforms) = preSolution
		Debug|Any CPU = Debug|Any CPU
		Release|Any CPU = Release|Any CPU
	EndGlobalSection
	GlobalSection(ProjectConfigurationPlatforms) = postSolution
		{DCDB699E-C6CB-4666-8311-3F609009F536}.Debug|Any CPU.ActiveCfg = Debug|Any CPU
		{DCDB699E-C6CB-4666-8311-3F609009F536}.Release|Any CPU.ActiveCfg = Release|Any CPU
	EndGlobalSection
	GlobalSection(SolutionProperties) = preSolution
		HideSolutionNode = FALSE
	EndGlobalSection
	GlobalSection(ExtensibilityGlobals) = postSolution
		SolutionGuid = {00711BA0-C88A-4D08-8A17-8B307319CEC7}
	EndGlobalSection
EndGlobal
