
Microsoft Visual Studio Solution File, Format Version 12.00
# Visual Studio Version 17
VisualStudioVersion = 17.7.34221.43
MinimumVisualStudioVersion = 10.0.40219.1
Project("{888888A0-9F3D-457C-B088-3A5042F75D52}") = "4.2(9)", "4.2(9)\4.2(9).pyproj", "{78C8C66A-4A0D-4CA0-8535-6E93395941A1}"
EndProject
Global
	GlobalSection(SolutionConfigurationPlatforms) = preSolution
		Debug|Any CPU = Debug|Any CPU
		Release|Any CPU = Release|Any CPU
	EndGlobalSection
	GlobalSection(ProjectConfigurationPlatforms) = postSolution
		{78C8C66A-4A0D-4CA0-8535-6E93395941A1}.Debug|Any CPU.ActiveCfg = Debug|Any CPU
		{78C8C66A-4A0D-4CA0-8535-6E93395941A1}.Release|Any CPU.ActiveCfg = Release|Any CPU
	EndGlobalSection
	GlobalSection(SolutionProperties) = preSolution
		HideSolutionNode = FALSE
	EndGlobalSection
	GlobalSection(ExtensibilityGlobals) = postSolution
		SolutionGuid = {A8ED70D6-6E35-41EB-81D0-F5F19F9FE0C1}
	EndGlobalSection
EndGlobal
