
Microsoft Visual Studio Solution File, Format Version 12.00
# Visual Studio Version 17
VisualStudioVersion = 17.7.34221.43
MinimumVisualStudioVersion = 10.0.40219.1
Project("{888888A0-9F3D-457C-B088-3A5042F75D52}") = "4.3(2)", "4.3(2)\4.3(2).pyproj", "{8A6568E5-BA9B-4A3C-ADFA-AAFE7A6ABCE6}"
EndProject
Global
	GlobalSection(SolutionConfigurationPlatforms) = preSolution
		Debug|Any CPU = Debug|Any CPU
		Release|Any CPU = Release|Any CPU
	EndGlobalSection
	GlobalSection(ProjectConfigurationPlatforms) = postSolution
		{8A6568E5-BA9B-4A3C-ADFA-AAFE7A6ABCE6}.Debug|Any CPU.ActiveCfg = Debug|Any CPU
		{8A6568E5-BA9B-4A3C-ADFA-AAFE7A6ABCE6}.Release|Any CPU.ActiveCfg = Release|Any CPU
	EndGlobalSection
	GlobalSection(SolutionProperties) = preSolution
		HideSolutionNode = FALSE
	EndGlobalSection
	GlobalSection(ExtensibilityGlobals) = postSolution
		SolutionGuid = {F593B220-AA1E-40EF-B34C-295E9F6ACF9E}
	EndGlobalSection
EndGlobal
