
Microsoft Visual Studio Solution File, Format Version 12.00
# Visual Studio Version 17
VisualStudioVersion = 17.7.34221.43
MinimumVisualStudioVersion = 10.0.40219.1
Project("{888888A0-9F3D-457C-B088-3A5042F75D52}") = "4.2(2)", "4.2(2)\4.2(2).pyproj", "{BFE0339C-09D1-4A7B-96E5-0D657A3FC199}"
EndProject
Global
	GlobalSection(SolutionConfigurationPlatforms) = preSolution
		Debug|Any CPU = Debug|Any CPU
		Release|Any CPU = Release|Any CPU
	EndGlobalSection
	GlobalSection(ProjectConfigurationPlatforms) = postSolution
		{BFE0339C-09D1-4A7B-96E5-0D657A3FC199}.Debug|Any CPU.ActiveCfg = Debug|Any CPU
		{BFE0339C-09D1-4A7B-96E5-0D657A3FC199}.Release|Any CPU.ActiveCfg = Release|Any CPU
	EndGlobalSection
	GlobalSection(SolutionProperties) = preSolution
		HideSolutionNode = FALSE
	EndGlobalSection
	GlobalSection(ExtensibilityGlobals) = postSolution
		SolutionGuid = {6F4B3892-40E2-42AD-BDE0-96D49115045F}
	EndGlobalSection
EndGlobal
