
Microsoft Visual Studio Solution File, Format Version 12.00
# Visual Studio Version 17
VisualStudioVersion = 17.7.34221.43
MinimumVisualStudioVersion = 10.0.40219.1
Project("{888888A0-9F3D-457C-B088-3A5042F75D52}") = "6.2(1)", "6.2(1)\6.2(1).pyproj", "{C83755FC-267F-46AA-BB09-16D4A86961D2}"
EndProject
Global
	GlobalSection(SolutionConfigurationPlatforms) = preSolution
		Debug|Any CPU = Debug|Any CPU
		Release|Any CPU = Release|Any CPU
	EndGlobalSection
	GlobalSection(ProjectConfigurationPlatforms) = postSolution
		{C83755FC-267F-46AA-BB09-16D4A86961D2}.Debug|Any CPU.ActiveCfg = Debug|Any CPU
		{C83755FC-267F-46AA-BB09-16D4A86961D2}.Release|Any CPU.ActiveCfg = Release|Any CPU
	EndGlobalSection
	GlobalSection(SolutionProperties) = preSolution
		HideSolutionNode = FALSE
	EndGlobalSection
	GlobalSection(ExtensibilityGlobals) = postSolution
		SolutionGuid = {4CA729E3-A0C5-4F46-ABD5-76062DFFCF50}
	EndGlobalSection
EndGlobal
