
Microsoft Visual Studio Solution File, Format Version 12.00
# Visual Studio Version 17
VisualStudioVersion = 17.7.34221.43
MinimumVisualStudioVersion = 10.0.40219.1
Project("{888888A0-9F3D-457C-B088-3A5042F75D52}") = "6.2(6)", "6.2(6)\6.2(6).pyproj", "{14F62099-38B4-45AE-B370-B09673627F00}"
EndProject
Global
	GlobalSection(SolutionConfigurationPlatforms) = preSolution
		Debug|Any CPU = Debug|Any CPU
		Release|Any CPU = Release|Any CPU
	EndGlobalSection
	GlobalSection(ProjectConfigurationPlatforms) = postSolution
		{14F62099-38B4-45AE-B370-B09673627F00}.Debug|Any CPU.ActiveCfg = Debug|Any CPU
		{14F62099-38B4-45AE-B370-B09673627F00}.Release|Any CPU.ActiveCfg = Release|Any CPU
	EndGlobalSection
	GlobalSection(SolutionProperties) = preSolution
		HideSolutionNode = FALSE
	EndGlobalSection
	GlobalSection(ExtensibilityGlobals) = postSolution
		SolutionGuid = {9C79F583-41A6-42C7-A369-70C40DF053BF}
	EndGlobalSection
EndGlobal
