
Microsoft Visual Studio Solution File, Format Version 12.00
# Visual Studio Version 17
VisualStudioVersion = 17.7.34221.43
MinimumVisualStudioVersion = 10.0.40219.1
Project("{888888A0-9F3D-457C-B088-3A5042F75D52}") = "2.4(4)", "2.4(4)\2.4(4).pyproj", "{6F192BAC-819F-414B-8A1B-78E273B61A7D}"
EndProject
Global
	GlobalSection(SolutionConfigurationPlatforms) = preSolution
		Debug|Any CPU = Debug|Any CPU
		Release|Any CPU = Release|Any CPU
	EndGlobalSection
	GlobalSection(ProjectConfigurationPlatforms) = postSolution
		{6F192BAC-819F-414B-8A1B-78E273B61A7D}.Debug|Any CPU.ActiveCfg = Debug|Any CPU
		{6F192BAC-819F-414B-8A1B-78E273B61A7D}.Release|Any CPU.ActiveCfg = Release|Any CPU
	EndGlobalSection
	GlobalSection(SolutionProperties) = preSolution
		HideSolutionNode = FALSE
	EndGlobalSection
	GlobalSection(ExtensibilityGlobals) = postSolution
		SolutionGuid = {B17FD114-BE25-4F26-BCC8-824D4419523C}
	EndGlobalSection
EndGlobal
